{
  "name": "beaver-apocalypse",
  "version": "1.0.0",
  "lockfileVersion": 3,
  "requires": true,
  "packages": {
    "": {
      "name": "beaver-apocalypse",
      "version": "1.0.0",
      "dependencies": {
        "planck-js": "^0.3.31"
      },
      "devDependencies": {
        "typescript": "^5.3.0"
      }
    },
    "node_modules/planck-js": {
      "version": "0.3.31",
      "resolved": "https://registry.npmjs.org/planck-js/-/planck-js-0.3.31.tgz",
      "integrity": "sha512-fwKYnL92pF2nXdMPeBq/Aipu+m8LztcEcNjdcrQm/sWKDR01Ej0g121KS1oO7NW23WnRzxw24a7V4KI2JlFpSg==",
      "deprecated": "Please use 'planck' package instead of 'planck-js'",
      "license": "zlib",
      "dependencies": {
        "stage-js": "^0.9.4"
      }
    },
    "node_modules/stage-js": {
      "version": "0.9.5",
      "resolved": "https://registry.npmjs.org/stage-js/-/stage-js-0.9.5.tgz",
      "integrity": "sha512-pSu6U+e7+CPUi9jB56RVy7ni7JQQZGVzwcdel5RZhG0Rjzv3uWkhDHSm6Uk9DI4B1Yrfva7uylFq41Pbb1BfUA==",
      "license": "MIT"
    },
    "node_modules/typescript": {
      "version": "5.9.3",
      "resolved": "https://registry.npmjs.org/typescript/-/typescript-5.9.3.tgz",
      "integrity": "sha512-jl1vZzPDinLr9eUt3J/t7V6FgNEw9QjvBPdysz9KfQDD41fQrC2Y4vKQdiaUpFT4bXlb1RHhLpp8wtm6M5TgSw==",
      "dev": true,
      "license": "Apache-2.0",
      "bin": {
        "tsc": "bin/tsc",
        "tsserver": "bin/tsserver"
      },
      "engines": {
        "node": ">=14.17"
      }
    }
  }
}
